
Microsoft Visual Studio Solution File, Format Version 12.00
# Visual Studio Version 17
VisualStudioVersion = 17.0.31903.59
MinimumVisualStudioVersion = 10.0.40219.1
Project("{FAE04EC0-301F-11D3-BF4B-00C04F79EFBC}") = "API", "API\API.csproj", "{72B19B0C-8134-44A1-B74D-34390918E686}"
EndProject
Global
	GlobalSection(SolutionConfigurationPlatforms) = preSolution
		Debug|Any CPU = Debug|Any CPU
		Release|Any CPU = Release|Any CPU
	EndGlobalSection
	GlobalSection(SolutionProperties) = preSolution
		HideSolutionNode = FALSE
	EndGlobalSection
	GlobalSection(ProjectConfigurationPlatforms) = postSolution
		{72B19B0C-8134-44A1-B74D-34390918E686}.Debug|Any CPU.ActiveCfg = Debug|Any CPU
		{72B19B0C-8134-44A1-B74D-34390918E686}.Debug|Any CPU.Build.0 = Debug|Any CPU
		{72B19B0C-8134-44A1-B74D-34390918E686}.Release|Any CPU.ActiveCfg = Release|Any CPU
		{72B19B0C-8134-44A1-B74D-34390918E686}.Release|Any CPU.Build.0 = Release|Any CPU
	EndGlobalSection
EndGlobal
